
Microsoft Visual Studio Solution File, Format Version 12.00
# Visual Studio Version 16
VisualStudioVersion = 16.0.30011.22
MinimumVisualStudioVersion = 10.0.40219.1
Project("{FAE04EC0-301F-11D3-BF4B-00C04F79EFBC}") = "PracticeGameDigitalTechnologyVer1.4", "PracticeGameDigitalTechnologyVer1.4.csproj", "{FD21885C-01A5-4B3F-9EB9-4E6F81C51B13}"
EndProject
Global
	GlobalSection(SolutionConfigurationPlatforms) = preSolution
		Debug|Any CPU = Debug|Any CPU
		Release|Any CPU = Release|Any CPU
	EndGlobalSection
	GlobalSection(ProjectConfigurationPlatforms) = postSolution
		{FD21885C-01A5-4B3F-9EB9-4E6F81C51B13}.Debug|Any CPU.ActiveCfg = Debug|Any CPU
		{FD21885C-01A5-4B3F-9EB9-4E6F81C51B13}.Debug|Any CPU.Build.0 = Debug|Any CPU
		{FD21885C-01A5-4B3F-9EB9-4E6F81C51B13}.Release|Any CPU.ActiveCfg = Release|Any CPU
		{FD21885C-01A5-4B3F-9EB9-4E6F81C51B13}.Release|Any CPU.Build.0 = Release|Any CPU
	EndGlobalSection
	GlobalSection(SolutionProperties) = preSolution
		HideSolutionNode = FALSE
	EndGlobalSection
	GlobalSection(ExtensibilityGlobals) = postSolution
		SolutionGuid = {5E04CB6F-C0FB-4212-9D21-77E68C6AC337}
	EndGlobalSection
EndGlobal
